// !$*UTF8*$!
{
	archiveVersion = 1;
	classes = {
	};
	objectVersion = 46;
	objects = {

/* Begin PBXBuildFile section */
		1B00BA42388F7CFE989536E9 /* Pods_Color_Palette_Pattern.framework in Frameworks */ = {isa = PBXBuildFile; fileRef = 8ADCA076E5E5D40831D508F2 /* Pods_Color_Palette_Pattern.framework */; };
		E82C30C11E821AD2008EE2E9 /* mytheme.txt in Resources */ = {isa = PBXBuildFile; fileRef = E82C30C01E821AD2008EE2E9 /* mytheme.txt */; };
		E8C839F81E8219C000D97D37 /* AppDelegate.swift in Sources */ = {isa = PBXBuildFile; fileRef = E8C839F71E8219C000D97D37 /* AppDelegate.swift */; };
		E8C839FA1E8219C000D97D37 /* ViewController.swift in Sources */ = {isa = PBXBuildFile; fileRef = E8C839F91E8219C000D97D37 /* ViewController.swift */; };
		E8C839FD1E8219C000D97D37 /* Main.storyboard in Resources */ = {isa = PBXBuildFile; fileRef = E8C839FB1E8219C000D97D37 /* Main.storyboard */; };
		E8C839FF1E8219C000D97D37 /* Assets.xcassets in Resources */ = {isa = PBXBuildFile; fileRef = E8C839FE1E8219C000D97D37 /* Assets.xcassets */; };
		E8C83A021E8219C000D97D37 /* LaunchScreen.storyboard in Resources */ = {isa = PBXBuildFile; fileRef = E8C83A001E8219C000D97D37 /* LaunchScreen.storyboard */; };
		E8E7A0451E82237C007729A2 /* mytheme.clr in Resources */ = {isa = PBXBuildFile; fileRef = E8E7A0431E82237C007729A2 /* mytheme.clr */; };
		E8E7A0461E82237C007729A2 /* R.generated.swift in Sources */ = {isa = PBXBuildFile; fileRef = E8E7A0441E82237C007729A2 /* R.generated.swift */; };
/* End PBXBuildFile section */

/* Begin PBXFileReference section */
		7190AD8072275BCDEEE66770 /* Pods-Color-Palette-Pattern.debug.xcconfig */ = {isa = PBXFileReference; includeInIndex = 1; lastKnownFileType = text.xcconfig; name = "Pods-Color-Palette-Pattern.debug.xcconfig"; path = "Pods/Target Support Files/Pods-Color-Palette-Pattern/Pods-Color-Palette-Pattern.debug.xcconfig"; sourceTree = "<group>"; };
		8ADCA076E5E5D40831D508F2 /* Pods_Color_Palette_Pattern.framework */ = {isa = PBXFileReference; explicitFileType = wrapper.framework; includeInIndex = 0; path = Pods_Color_Palette_Pattern.framework; sourceTree = BUILT_PRODUCTS_DIR; };
		A69958FBEB0DFA4900A0ACAF /* Pods-Color-Palette-Pattern.release.xcconfig */ = {isa = PBXFileReference; includeInIndex = 1; lastKnownFileType = text.xcconfig; name = "Pods-Color-Palette-Pattern.release.xcconfig"; path = "Pods/Target Support Files/Pods-Color-Palette-Pattern/Pods-Color-Palette-Pattern.release.xcconfig"; sourceTree = "<group>"; };
		E82C30C01E821AD2008EE2E9 /* mytheme.txt */ = {isa = PBXFileReference; fileEncoding = 4; lastKnownFileType = text; path = mytheme.txt; sourceTree = "<group>"; };
		E8C839F41E8219C000D97D37 /* Color-Palette-Pattern.app */ = {isa = PBXFileReference; explicitFileType = wrapper.application; includeInIndex = 0; path = "Color-Palette-Pattern.app"; sourceTree = BUILT_PRODUCTS_DIR; };
		E8C839F71E8219C000D97D37 /* AppDelegate.swift */ = {isa = PBXFileReference; lastKnownFileType = sourcecode.swift; path = AppDelegate.swift; sourceTree = "<group>"; };
		E8C839F91E8219C000D97D37 /* ViewController.swift */ = {isa = PBXFileReference; lastKnownFileType = sourcecode.swift; path = ViewController.swift; sourceTree = "<group>"; };
		E8C839FC1E8219C000D97D37 /* Base */ = {isa = PBXFileReference; lastKnownFileType = file.storyboard; name = Base; path = Base.lproj/Main.storyboard; sourceTree = "<group>"; };
		E8C839FE1E8219C000D97D37 /* Assets.xcassets */ = {isa = PBXFileReference; lastKnownFileType = folder.assetcatalog; path = Assets.xcassets; sourceTree = "<group>"; };
		E8C83A011E8219C000D97D37 /* Base */ = {isa = PBXFileReference; lastKnownFileType = file.storyboard; name = Base; path = Base.lproj/LaunchScreen.storyboard; sourceTree = "<group>"; };
		E8C83A031E8219C000D97D37 /* Info.plist */ = {isa = PBXFileReference; lastKnownFileType = text.plist.xml; path = Info.plist; sourceTree = "<group>"; };
		E8E7A0431E82237C007729A2 /* mytheme.clr */ = {isa = PBXFileReference; lastKnownFileType = file; path = mytheme.clr; sourceTree = "<group>"; };
		E8E7A0441E82237C007729A2 /* R.generated.swift */ = {isa = PBXFileReference; fileEncoding = 4; lastKnownFileType = sourcecode.swift; path = R.generated.swift; sourceTree = "<group>"; };
/* End PBXFileReference section */

/* Begin PBXFrameworksBuildPhase section */
		E8C839F11E8219C000D97D37 /* Frameworks */ = {
			isa = PBXFrameworksBuildPhase;
			buildActionMask = 2147483647;
			files = (
				1B00BA42388F7CFE989536E9 /* Pods_Color_Palette_Pattern.framework in Frameworks */,
			);
			runOnlyForDeploymentPostprocessing = 0;
		};
/* End PBXFrameworksBuildPhase section */

/* Begin PBXGroup section */
		7A46EAAE202B0A11EC06D218 /* Frameworks */ = {
			isa = PBXGroup;
			children = (
				8ADCA076E5E5D40831D508F2 /* Pods_Color_Palette_Pattern.framework */,
			);
			name = Frameworks;
			sourceTree = "<group>";
		};
		E8C839EB1E8219C000D97D37 = {
			isa = PBXGroup;
			children = (
				E8C839F61E8219C000D97D37 /* Color-Palette-Pattern */,
				E8C839F51E8219C000D97D37 /* Products */,
				F7442ACB5C73C85FAA13404E /* Pods */,
				7A46EAAE202B0A11EC06D218 /* Frameworks */,
			);
			sourceTree = "<group>";
		};
		E8C839F51E8219C000D97D37 /* Products */ = {
			isa = PBXGroup;
			children = (
				E8C839F41E8219C000D97D37 /* Color-Palette-Pattern.app */,
			);
			name = Products;
			sourceTree = "<group>";
		};
		E8C839F61E8219C000D97D37 /* Color-Palette-Pattern */ = {
			isa = PBXGroup;
			children = (
				E82C30C01E821AD2008EE2E9 /* mytheme.txt */,
				E8E7A0431E82237C007729A2 /* mytheme.clr */,
				E8E7A0441E82237C007729A2 /* R.generated.swift */,
				E8C839F71E8219C000D97D37 /* AppDelegate.swift */,
				E8C839F91E8219C000D97D37 /* ViewController.swift */,
				E8C839FB1E8219C000D97D37 /* Main.storyboard */,
				E8C839FE1E8219C000D97D37 /* Assets.xcassets */,
				E8C83A001E8219C000D97D37 /* LaunchScreen.storyboard */,
				E8C83A031E8219C000D97D37 /* Info.plist */,
			);
			path = "Color-Palette-Pattern";
			sourceTree = "<group>";
		};
		F7442ACB5C73C85FAA13404E /* Pods */ = {
			isa = PBXGroup;
			children = (
				7190AD8072275BCDEEE66770 /* Pods-Color-Palette-Pattern.debug.xcconfig */,
				A69958FBEB0DFA4900A0ACAF /* Pods-Color-Palette-Pattern.release.xcconfig */,
			);
			name = Pods;
			sourceTree = "<group>";
		};
/* End PBXGroup section */

/* Begin PBXNativeTarget section */
		E8C839F31E8219C000D97D37 /* Color-Palette-Pattern */ = {
			isa = PBXNativeTarget;
			buildConfigurationList = E8C83A061E8219C000D97D37 /* Build configuration list for PBXNativeTarget "Color-Palette-Pattern" */;
			buildPhases = (
				9581EB35B17F97A23643EC4D /* [CP] Check Pods Manifest.lock */,
				E82C30C31E821BB7008EE2E9 /* [Clr] Run Script */,
				E82C30C21E821B86008EE2E9 /* [R.swift] Run Script */,
				E8C839F01E8219C000D97D37 /* Sources */,
				E8C839F11E8219C000D97D37 /* Frameworks */,
				E8C839F21E8219C000D97D37 /* Resources */,
				D995A7FD6525AF72BBB918CF /* [CP] Embed Pods Frameworks */,
				EFA3F6803A6DFF64F11668DF /* [CP] Copy Pods Resources */,
			);
			buildRules = (
			);
			dependencies = (
			);
			name = "Color-Palette-Pattern";
			productName = "Color-Palette-Pattern";
			productReference = E8C839F41E8219C000D97D37 /* Color-Palette-Pattern.app */;
			productType = "com.apple.product-type.application";
		};
/* End PBXNativeTarget section */

/* Begin PBXProject section */
		E8C839EC1E8219C000D97D37 /* Project object */ = {
			isa = PBXProject;
			attributes = {
				LastSwiftUpdateCheck = 0820;
				LastUpgradeCheck = 0820;
				ORGANIZATIONNAME = ayakix;
				TargetAttributes = {
					E8C839F31E8219C000D97D37 = {
						CreatedOnToolsVersion = 8.2.1;
						ProvisioningStyle = Automatic;
					};
				};
			};
			buildConfigurationList = E8C839EF1E8219C000D97D37 /* Build configuration list for PBXProject "Color-Palette-Pattern" */;
			compatibilityVersion = "Xcode 3.2";
			developmentRegion = English;
			hasScannedForEncodings = 0;
			knownRegions = (
				en,
				Base,
			);
			mainGroup = E8C839EB1E8219C000D97D37;
			productRefGroup = E8C839F51E8219C000D97D37 /* Products */;
			projectDirPath = "";
			projectRoot = "";
			targets = (
				E8C839F31E8219C000D97D37 /* Color-Palette-Pattern */,
			);
		};
/* End PBXProject section */

/* Begin PBXResourcesBuildPhase section */
		E8C839F21E8219C000D97D37 /* Resources */ = {
			isa = PBXResourcesBuildPhase;
			buildActionMask = 2147483647;
			files = (
				E8C83A021E8219C000D97D37 /* LaunchScreen.storyboard in Resources */,
				E8E7A0451E82237C007729A2 /* mytheme.clr in Resources */,
				E8C839FF1E8219C000D97D37 /* Assets.xcassets in Resources */,
				E82C30C11E821AD2008EE2E9 /* mytheme.txt in Resources */,
				E8C839FD1E8219C000D97D37 /* Main.storyboard in Resources */,
			);
			runOnlyForDeploymentPostprocessing = 0;
		};
/* End PBXResourcesBuildPhase section */

/* Begin PBXShellScriptBuildPhase section */
		9581EB35B17F97A23643EC4D /* [CP] Check Pods Manifest.lock */ = {
			isa = PBXShellScriptBuildPhase;
			buildActionMask = 2147483647;
			files = (
			);
			inputPaths = (
			);
			name = "[CP] Check Pods Manifest.lock";
			outputPaths = (
			);
			runOnlyForDeploymentPostprocessing = 0;
			shellPath = /bin/sh;
			shellScript = "diff \"${PODS_ROOT}/../Podfile.lock\" \"${PODS_ROOT}/Manifest.lock\" > /dev/null\nif [ $? != 0 ] ; then\n    # print error to STDERR\n    echo \"error: The sandbox is not in sync with the Podfile.lock. Run 'pod install' or update your CocoaPods installation.\" >&2\n    exit 1\nfi\n";
			showEnvVarsInLog = 0;
		};
		D995A7FD6525AF72BBB918CF /* [CP] Embed Pods Frameworks */ = {
			isa = PBXShellScriptBuildPhase;
			buildActionMask = 2147483647;
			files = (
			);
			inputPaths = (
			);
			name = "[CP] Embed Pods Frameworks";
			outputPaths = (
			);
			runOnlyForDeploymentPostprocessing = 0;
			shellPath = /bin/sh;
			shellScript = "\"${SRCROOT}/Pods/Target Support Files/Pods-Color-Palette-Pattern/Pods-Color-Palette-Pattern-frameworks.sh\"\n";
			showEnvVarsInLog = 0;
		};
		E82C30C21E821B86008EE2E9 /* [R.swift] Run Script */ = {
			isa = PBXShellScriptBuildPhase;
			buildActionMask = 2147483647;
			files = (
			);
			inputPaths = (
			);
			name = "[R.swift] Run Script";
			outputPaths = (
			);
			runOnlyForDeploymentPostprocessing = 0;
			shellPath = /bin/sh;
			shellScript = "\"$PODS_ROOT/R.swift/rswift\" \"$SRCROOT/$PROJECT_NAME\"";
		};
		E82C30C31E821BB7008EE2E9 /* [Clr] Run Script */ = {
			isa = PBXShellScriptBuildPhase;
			buildActionMask = 2147483647;
			files = (
			);
			inputPaths = (
			);
			name = "[Clr] Run Script";
			outputPaths = (
			);
			runOnlyForDeploymentPostprocessing = 0;
			shellPath = /bin/sh;
			shellScript = "FILE_NAME=\"mytheme\"\n# Generate color palette file\n\"./Html2Clr\" \"$SRCROOT/$PROJECT_NAME/$FILE_NAME.txt\"\n# Copy to User directory color palette\n\"cp\" \"$SRCROOT/$PROJECT_NAME/$FILE_NAME.clr\" \"$HOME/Library/Colors/\"";
		};
		EFA3F6803A6DFF64F11668DF /* [CP] Copy Pods Resources */ = {
			isa = PBXShellScriptBuildPhase;
			buildActionMask = 2147483647;
			files = (
			);
			inputPaths = (
			);
			name = "[CP] Copy Pods Resources";
			outputPaths = (
			);
			runOnlyForDeploymentPostprocessing = 0;
			shellPath = /bin/sh;
			shellScript = "\"${SRCROOT}/Pods/Target Support Files/Pods-Color-Palette-Pattern/Pods-Color-Palette-Pattern-resources.sh\"\n";
			showEnvVarsInLog = 0;
		};
/* End PBXShellScriptBuildPhase section */

/* Begin PBXSourcesBuildPhase section */
		E8C839F01E8219C000D97D37 /* Sources */ = {
			isa = PBXSourcesBuildPhase;
			buildActionMask = 2147483647;
			files = (
				E8C839FA1E8219C000D97D37 /* ViewController.swift in Sources */,
				E8C839F81E8219C000D97D37 /* AppDelegate.swift in Sources */,
				E8E7A0461E82237C007729A2 /* R.generated.swift in Sources */,
			);
			runOnlyForDeploymentPostprocessing = 0;
		};
/* End PBXSourcesBuildPhase section */

/* Begin PBXVariantGroup section */
		E8C839FB1E8219C000D97D37 /* Main.storyboard */ = {
			isa = PBXVariantGroup;
			children = (
				E8C839FC1E8219C000D97D37 /* Base */,
			);
			name = Main.storyboard;
			sourceTree = "<group>";
		};
		E8C83A001E8219C000D97D37 /* LaunchScreen.storyboard */ = {
			isa = PBXVariantGroup;
			children = (
				E8C83A011E8219C000D97D37 /* Base */,
			);
			name = LaunchScreen.storyboard;
			sourceTree = "<group>";
		};
/* End PBXVariantGroup section */

/* Begin XCBuildConfiguration section */
		E8C83A041E8219C000D97D37 /* Debug */ = {
			isa = XCBuildConfiguration;
			buildSettings = {
				ALWAYS_SEARCH_USER_PATHS = NO;
				CLANG_ANALYZER_NONNULL = YES;
				CLANG_CXX_LANGUAGE_STANDARD = "gnu++0x";
				CLANG_CXX_LIBRARY = "libc++";
				CLANG_ENABLE_MODULES = YES;
				CLANG_ENABLE_OBJC_ARC = YES;
				CLANG_WARN_BOOL_CONVERSION = YES;
				CLANG_WARN_CONSTANT_CONVERSION = YES;
				CLANG_WARN_DIRECT_OBJC_ISA_USAGE = YES_ERROR;
				CLANG_WARN_DOCUMENTATION_COMMENTS = YES;
				CLANG_WARN_EMPTY_BODY = YES;
				CLANG_WARN_ENUM_CONVERSION = YES;
				CLANG_WARN_INFINITE_RECURSION = YES;
				CLANG_WARN_INT_CONVERSION = YES;
				CLANG_WARN_OBJC_ROOT_CLASS = YES_ERROR;
				CLANG_WARN_SUSPICIOUS_MOVE = YES;
				CLANG_WARN_UNREACHABLE_CODE = YES;
				CLANG_WARN__DUPLICATE_METHOD_MATCH = YES;
				"CODE_SIGN_IDENTITY[sdk=iphoneos*]" = "iPhone Developer";
				COPY_PHASE_STRIP = NO;
				DEBUG_INFORMATION_FORMAT = dwarf;
				ENABLE_STRICT_OBJC_MSGSEND = YES;
				ENABLE_TESTABILITY = YES;
				GCC_C_LANGUAGE_STANDARD = gnu99;
				GCC_DYNAMIC_NO_PIC = NO;
				GCC_NO_COMMON_BLOCKS = YES;
				GCC_OPTIMIZATION_LEVEL = 0;
				GCC_PREPROCESSOR_DEFINITIONS = (
					"DEBUG=1",
					"$(inherited)",
				);
				GCC_WARN_64_TO_32_BIT_CONVERSION = YES;
				GCC_WARN_ABOUT_RETURN_TYPE = YES_ERROR;
				GCC_WARN_UNDECLARED_SELECTOR = YES;
				GCC_WARN_UNINITIALIZED_AUTOS = YES_AGGRESSIVE;
				GCC_WARN_UNUSED_FUNCTION = YES;
				GCC_WARN_UNUSED_VARIABLE = YES;
				IPHONEOS_DEPLOYMENT_TARGET = 10.2;
				MTL_ENABLE_DEBUG_INFO = YES;
				ONLY_ACTIVE_ARCH = YES;
				SDKROOT = iphoneos;
				SWIFT_ACTIVE_COMPILATION_CONDITIONS = DEBUG;
				SWIFT_OPTIMIZATION_LEVEL = "-Onone";
				TARGETED_DEVICE_FAMILY = "1,2";
			};
			name = Debug;
		};
		E8C83A051E8219C000D97D37 /* Release */ = {
			isa = XCBuildConfiguration;
			buildSettings = {
				ALWAYS_SEARCH_USER_PATHS = NO;
				CLANG_ANALYZER_NONNULL = YES;
				CLANG_CXX_LANGUAGE_STANDARD = "gnu++0x";
				CLANG_CXX_LIBRARY = "libc++";
				CLANG_ENABLE_MODULES = YES;
				CLANG_ENABLE_OBJC_ARC = YES;
				CLANG_WARN_BOOL_CONVERSION = YES;
				CLANG_WARN_CONSTANT_CONVERSION = YES;
				CLANG_WARN_DIRECT_OBJC_ISA_USAGE = YES_ERROR;
				CLANG_WARN_DOCUMENTATION_COMMENTS = YES;
				CLANG_WARN_EMPTY_BODY = YES;
				CLANG_WARN_ENUM_CONVERSION = YES;
				CLANG_WARN_INFINITE_RECURSION = YES;
				CLANG_WARN_INT_CONVERSION = YES;
				CLANG_WARN_OBJC_ROOT_CLASS = YES_ERROR;
				CLANG_WARN_SUSPICIOUS_MOVE = YES;
				CLANG_WARN_UNREACHABLE_CODE = YES;
				CLANG_WARN__DUPLICATE_METHOD_MATCH = YES;
				"CODE_SIGN_IDENTITY[sdk=iphoneos*]" = "iPhone Developer";
				COPY_PHASE_STRIP = NO;
				DEBUG_INFORMATION_FORMAT = "dwarf-with-dsym";
				ENABLE_NS_ASSERTIONS = NO;
				ENABLE_STRICT_OBJC_MSGSEND = YES;
				GCC_C_LANGUAGE_STANDARD = gnu99;
				GCC_NO_COMMON_BLOCKS = YES;
				GCC_WARN_64_TO_32_BIT_CONVERSION = YES;
				GCC_WARN_ABOUT_RETURN_TYPE = YES_ERROR;
				GCC_WARN_UNDECLARED_SELECTOR = YES;
				GCC_WARN_UNINITIALIZED_AUTOS = YES_AGGRESSIVE;
				GCC_WARN_UNUSED_FUNCTION = YES;
				GCC_WARN_UNUSED_VARIABLE = YES;
				IPHONEOS_DEPLOYMENT_TARGET = 10.2;
				MTL_ENABLE_DEBUG_INFO = NO;
				SDKROOT = iphoneos;
				SWIFT_OPTIMIZATION_LEVEL = "-Owholemodule";
				TARGETED_DEVICE_FAMILY = "1,2";
				VALIDATE_PRODUCT = YES;
			};
			name = Release;
		};
		E8C83A071E8219C000D97D37 /* Debug */ = {
			isa = XCBuildConfiguration;
			baseConfigurationReference = 7190AD8072275BCDEEE66770 /* Pods-Color-Palette-Pattern.debug.xcconfig */;
			buildSettings = {
				ASSETCATALOG_COMPILER_APPICON_NAME = AppIcon;
				INFOPLIST_FILE = "Color-Palette-Pattern/Info.plist";
				LD_RUNPATH_SEARCH_PATHS = "$(inherited) @executable_path/Frameworks";
				PRODUCT_BUNDLE_IDENTIFIER = "com.ayakix.Color-Palette-Pattern";
				PRODUCT_NAME = "$(TARGET_NAME)";
				SWIFT_VERSION = 3.0;
			};
			name = Debug;
		};
		E8C83A081E8219C000D97D37 /* Release */ = {
			isa = XCBuildConfiguration;
			baseConfigurationReference = A69958FBEB0DFA4900A0ACAF /* Pods-Color-Palette-Pattern.release.xcconfig */;
			buildSettings = {
				ASSETCATALOG_COMPILER_APPICON_NAME = AppIcon;
				INFOPLIST_FILE = "Color-Palette-Pattern/Info.plist";
				LD_RUNPATH_SEARCH_PATHS = "$(inherited) @executable_path/Frameworks";
				PRODUCT_BUNDLE_IDENTIFIER = "com.ayakix.Color-Palette-Pattern";
				PRODUCT_NAME = "$(TARGET_NAME)";
				SWIFT_VERSION = 3.0;
			};
			name = Release;
		};
/* End XCBuildConfiguration section */

/* Begin XCConfigurationList section */
		E8C839EF1E8219C000D97D37 /* Build configuration list for PBXProject "Color-Palette-Pattern" */ = {
			isa = XCConfigurationList;
			buildConfigurations = (
				E8C83A041E8219C000D97D37 /* Debug */,
				E8C83A051E8219C000D97D37 /* Release */,
			);
			defaultConfigurationIsVisible = 0;
			defaultConfigurationName = Release;
		};
		E8C83A061E8219C000D97D37 /* Build configuration list for PBXNativeTarget "Color-Palette-Pattern" */ = {
			isa = XCConfigurationList;
			buildConfigurations = (
				E8C83A071E8219C000D97D37 /* Debug */,
				E8C83A081E8219C000D97D37 /* Release */,
			);
			defaultConfigurationIsVisible = 0;
			defaultConfigurationName = Release;
		};
/* End XCConfigurationList section */
	};
	rootObject = E8C839EC1E8219C000D97D37 /* Project object */;
}
